
Microsoft Visual Studio Solution File, Format Version 12.00
# Visual Studio Version 17
VisualStudioVersion = 17.9.34728.123
MinimumVisualStudioVersion = 10.0.40219.1
Project("{FAE04EC0-301F-11D3-BF4B-00C04F79EFBC}") = "StudentPortal", "StudentPortal\StudentPortal.csproj", "{3BD2B853-3083-49C9-BBDC-5D15FEB2922B}"
EndProject
Global
	GlobalSection(SolutionConfigurationPlatforms) = preSolution
		Debug|Any CPU = Debug|Any CPU
		Release|Any CPU = Release|Any CPU
	EndGlobalSection
	GlobalSection(ProjectConfigurationPlatforms) = postSolution
		{3BD2B853-3083-49C9-BBDC-5D15FEB2922B}.Debug|Any CPU.ActiveCfg = Debug|Any CPU
		{3BD2B853-3083-49C9-BBDC-5D15FEB2922B}.Debug|Any CPU.Build.0 = Debug|Any CPU
		{3BD2B853-3083-49C9-BBDC-5D15FEB2922B}.Release|Any CPU.ActiveCfg = Release|Any CPU
		{3BD2B853-3083-49C9-BBDC-5D15FEB2922B}.Release|Any CPU.Build.0 = Release|Any CPU
	EndGlobalSection
	GlobalSection(SolutionProperties) = preSolution
		HideSolutionNode = FALSE
	EndGlobalSection
	GlobalSection(ExtensibilityGlobals) = postSolution
		SolutionGuid = {6B278D1E-85CA-4592-9010-474D13EA5051}
	EndGlobalSection
EndGlobal
